
Microsoft Visual Studio Solution File, Format Version 12.00
# Visual Studio 15
VisualStudioVersion = 15.0.28010.2019
MinimumVisualStudioVersion = 10.0.40219.1
Project("{FAE04EC0-301F-11D3-BF4B-00C04F79EFBC}") = "EncounterManagerUI", "EncounterManagerUI\EncounterManagerUI.csproj", "{C8D7EC65-AD47-4E99-80FB-D5E7BD3C11B0}"
EndProject
Project("{FAE04EC0-301F-11D3-BF4B-00C04F79EFBC}") = "EncounterManager", "EncounterManager\EncounterManager.csproj", "{B2083FEB-2C26-4D33-A839-22DABF5AB149}"
EndProject
Project("{FAE04EC0-301F-11D3-BF4B-00C04F79EFBC}") = "EncounterManagerTests", "EnocunterManagerTests\EncounterManagerTests.csproj", "{CBC838FE-AFF5-4ACC-AD84-828FD0E688C3}"
EndProject
Project("{FAE04EC0-301F-11D3-BF4B-00C04F79EFBC}") = "EncounterManagerDAL", "EncounterManagerDAL\EncounterManagerDAL.csproj", "{DB9C2FF7-F060-454E-AE9F-DFB45CF9A337}"
EndProject
Global
	GlobalSection(SolutionConfigurationPlatforms) = preSolution
		Debug|Any CPU = Debug|Any CPU
		Release|Any CPU = Release|Any CPU
	EndGlobalSection
	GlobalSection(ProjectConfigurationPlatforms) = postSolution
		{C8D7EC65-AD47-4E99-80FB-D5E7BD3C11B0}.Debug|Any CPU.ActiveCfg = Debug|Any CPU
		{C8D7EC65-AD47-4E99-80FB-D5E7BD3C11B0}.Debug|Any CPU.Build.0 = Debug|Any CPU
		{C8D7EC65-AD47-4E99-80FB-D5E7BD3C11B0}.Release|Any CPU.ActiveCfg = Release|Any CPU
		{C8D7EC65-AD47-4E99-80FB-D5E7BD3C11B0}.Release|Any CPU.Build.0 = Release|Any CPU
		{B2083FEB-2C26-4D33-A839-22DABF5AB149}.Debug|Any CPU.ActiveCfg = Debug|Any CPU
		{B2083FEB-2C26-4D33-A839-22DABF5AB149}.Debug|Any CPU.Build.0 = Debug|Any CPU
		{B2083FEB-2C26-4D33-A839-22DABF5AB149}.Release|Any CPU.ActiveCfg = Release|Any CPU
		{B2083FEB-2C26-4D33-A839-22DABF5AB149}.Release|Any CPU.Build.0 = Release|Any CPU
		{CBC838FE-AFF5-4ACC-AD84-828FD0E688C3}.Debug|Any CPU.ActiveCfg = Debug|Any CPU
		{CBC838FE-AFF5-4ACC-AD84-828FD0E688C3}.Debug|Any CPU.Build.0 = Debug|Any CPU
		{CBC838FE-AFF5-4ACC-AD84-828FD0E688C3}.Release|Any CPU.ActiveCfg = Release|Any CPU
		{CBC838FE-AFF5-4ACC-AD84-828FD0E688C3}.Release|Any CPU.Build.0 = Release|Any CPU
		{DB9C2FF7-F060-454E-AE9F-DFB45CF9A337}.Debug|Any CPU.ActiveCfg = Debug|Any CPU
		{DB9C2FF7-F060-454E-AE9F-DFB45CF9A337}.Debug|Any CPU.Build.0 = Debug|Any CPU
		{DB9C2FF7-F060-454E-AE9F-DFB45CF9A337}.Release|Any CPU.ActiveCfg = Release|Any CPU
		{DB9C2FF7-F060-454E-AE9F-DFB45CF9A337}.Release|Any CPU.Build.0 = Release|Any CPU
	EndGlobalSection
	GlobalSection(SolutionProperties) = preSolution
		HideSolutionNode = FALSE
	EndGlobalSection
	GlobalSection(ExtensibilityGlobals) = postSolution
		SolutionGuid = {977B4477-AC5A-4D88-8594-8539F1BA5A12}
	EndGlobalSection
EndGlobal
